
Microsoft Visual Studio Solution File, Format Version 12.00
# Visual Studio Version 16
VisualStudioVersion = 16.0.32002.261
MinimumVisualStudioVersion = 10.0.40219.1
Project("{9A19103F-16F7-4668-BE54-9A1E7A4F7556}") = "RepetierMqtt", "RepetierMqtt.csproj", "{742F519A-774D-4A17-A265-6B5C4C815DD0}"
EndProject
Project("{9A19103F-16F7-4668-BE54-9A1E7A4F7556}") = "Example", "..\Example\Example.csproj", "{D194538B-9CDF-409C-8B28-B2A3579403B2}"
EndProject
Global
	GlobalSection(SolutionConfigurationPlatforms) = preSolution
		Debug|Any CPU = Debug|Any CPU
		Release|Any CPU = Release|Any CPU
	EndGlobalSection
	GlobalSection(ProjectConfigurationPlatforms) = postSolution
		{742F519A-774D-4A17-A265-6B5C4C815DD0}.Debug|Any CPU.ActiveCfg = Debug|Any CPU
		{742F519A-774D-4A17-A265-6B5C4C815DD0}.Debug|Any CPU.Build.0 = Debug|Any CPU
		{742F519A-774D-4A17-A265-6B5C4C815DD0}.Release|Any CPU.ActiveCfg = Release|Any CPU
		{742F519A-774D-4A17-A265-6B5C4C815DD0}.Release|Any CPU.Build.0 = Release|Any CPU
		{D194538B-9CDF-409C-8B28-B2A3579403B2}.Debug|Any CPU.ActiveCfg = Debug|Any CPU
		{D194538B-9CDF-409C-8B28-B2A3579403B2}.Debug|Any CPU.Build.0 = Debug|Any CPU
		{D194538B-9CDF-409C-8B28-B2A3579403B2}.Release|Any CPU.ActiveCfg = Release|Any CPU
		{D194538B-9CDF-409C-8B28-B2A3579403B2}.Release|Any CPU.Build.0 = Release|Any CPU
	EndGlobalSection
	GlobalSection(SolutionProperties) = preSolution
		HideSolutionNode = FALSE
	EndGlobalSection
	GlobalSection(ExtensibilityGlobals) = postSolution
		SolutionGuid = {9B7B7D9F-F132-4554-B634-D3C5BC48627B}
	EndGlobalSection
EndGlobal
